
Microsoft Visual Studio Solution File, Format Version 12.00
# Visual Studio 2015
Project("{FAE04EC0-301F-11D3-BF4B-00C04F79EFBC}") = "Strive", "Strive.csproj", "{F81892DB-E7ED-C5D1-51DA-22AF6C9BB36C}"
EndProject
Global
	GlobalSection(SolutionConfigurationPlatforms) = preSolution
		Debug|Any CPU = Debug|Any CPU
		Release|Any CPU = Release|Any CPU
	EndGlobalSection
	GlobalSection(ProjectConfigurationPlatforms) = postSolution
		{F81892DB-E7ED-C5D1-51DA-22AF6C9BB36C}.Debug|Any CPU.ActiveCfg = Debug|Any CPU
		{F81892DB-E7ED-C5D1-51DA-22AF6C9BB36C}.Debug|Any CPU.Build.0 = Debug|Any CPU
		{F81892DB-E7ED-C5D1-51DA-22AF6C9BB36C}.Release|Any CPU.ActiveCfg = Release|Any CPU
		{F81892DB-E7ED-C5D1-51DA-22AF6C9BB36C}.Release|Any CPU.Build.0 = Release|Any CPU
	EndGlobalSection
	GlobalSection(SolutionProperties) = preSolution
		HideSolutionNode = FALSE
	EndGlobalSection
EndGlobal
