Microsoft Visual Studio Solution File, Format Version 11.00
# Visual Studio 2008

Project("{C9FFD654-4690-92C2-189F-CE269F5A348B}") = "Strive", "Assembly-CSharp.csproj", "{A42085E4-D3B1-BEA4-A9A0-531631963941}"
EndProject
Global
	GlobalSection(SolutionConfigurationPlatforms) = preSolution
		Debug|Any CPU = Debug|Any CPU
		Release|Any CPU = Release|Any CPU
	EndGlobalSection
	GlobalSection(ProjectConfigurationPlatforms) = postSolution
		{A42085E4-D3B1-BEA4-A9A0-531631963941}.Debug|Any CPU.ActiveCfg = Debug|Any CPU
		{A42085E4-D3B1-BEA4-A9A0-531631963941}.Debug|Any CPU.Build.0 = Debug|Any CPU
		{A42085E4-D3B1-BEA4-A9A0-531631963941}.Release|Any CPU.ActiveCfg = Release|Any CPU
		{A42085E4-D3B1-BEA4-A9A0-531631963941}.Release|Any CPU.Build.0 = Release|Any CPU
	EndGlobalSection
	GlobalSection(SolutionProperties) = preSolution
		HideSolutionNode = FALSE
	EndGlobalSection
	GlobalSection(MonoDevelopProperties) = preSolution
		StartupItem = Assembly-CSharp.csproj
	EndGlobalSection
EndGlobal
